
Microsoft Visual Studio Solution File, Format Version 12.00
# Visual Studio Version 17
VisualStudioVersion = 17.7.34024.191
MinimumVisualStudioVersion = 10.0.40219.1
Project("{FAE04EC0-301F-11D3-BF4B-00C04F79EFBC}") = "WebApplication1", "WebApplication1\WebApplication1.csproj", "{8F57A4C4-044E-4A7B-AE6B-1599D84FD3E8}"
EndProject
Global
	GlobalSection(SolutionConfigurationPlatforms) = preSolution
		Debug|Any CPU = Debug|Any CPU
		Release|Any CPU = Release|Any CPU
	EndGlobalSection
	GlobalSection(ProjectConfigurationPlatforms) = postSolution
		{8F57A4C4-044E-4A7B-AE6B-1599D84FD3E8}.Debug|Any CPU.ActiveCfg = Debug|Any CPU
		{8F57A4C4-044E-4A7B-AE6B-1599D84FD3E8}.Debug|Any CPU.Build.0 = Debug|Any CPU
		{8F57A4C4-044E-4A7B-AE6B-1599D84FD3E8}.Release|Any CPU.ActiveCfg = Release|Any CPU
		{8F57A4C4-044E-4A7B-AE6B-1599D84FD3E8}.Release|Any CPU.Build.0 = Release|Any CPU
	EndGlobalSection
	GlobalSection(SolutionProperties) = preSolution
		HideSolutionNode = FALSE
	EndGlobalSection
	GlobalSection(ExtensibilityGlobals) = postSolution
		SolutionGuid = {A36FC473-13AE-4013-A863-936933C1A037}
	EndGlobalSection
EndGlobal
